{
  "name": "rescript",
  "version": "1.0.0",
  "lockfileVersion": 2,
  "requires": true,
  "packages": {
    "": {
      "name": "rescript",
      "version": "1.0.0",
      "license": "ISC",
      "dependencies": {
        "@rescript/core": "0.5.0",
        "rescript": "11.0.0-rc.3",
        "rescript-edgedb": "../",
        "rescript-embed-lang": "0.2.0"
      }
    },
    "..": {
      "version": "0.1.1",
      "license": "MIT",
      "dependencies": {
        "chokidar": "^3.5.3",
        "fast-glob": "^3.3.1"
      },
      "bin": {
        "rescript-edgedb": "dist/Cli.js"
      },
      "devDependencies": {
        "esbuild": "^0.19.3",
        "rescript": "^11.0.0-rc.3",
        "rescript-embed-lang": "^0.2.0",
        "rescript-nodejs": "^15.0.0"
      },
      "peerDependencies": {
        "@rescript/core": ">= 0.5.0",
        "edgedb": ">= 1.3.6",
        "rescript": "^11.0.0-rc.1 || next",
        "rescript-embed-lang": ">= 0.2.0"
      }
    },
    "node_modules/@rescript/core": {
      "version": "0.5.0",
      "resolved": "https://registry.npmjs.org/@rescript/core/-/core-0.5.0.tgz",
      "integrity": "sha512-Keqnpi+8VqyhCk/3aMwar8hJbNy2IsINAAfIFeQC65IIegCR0QXFDBpQxfVcmbbtoHq6HnW4B3RLm/9GCUJQhQ==",
      "peerDependencies": {
        "rescript": "^10.1.0 || ^11.0.0-alpha.0 || next"
      }
    },
    "node_modules/rescript": {
      "version": "11.0.0-rc.3",
      "resolved": "https://registry.npmjs.org/rescript/-/rescript-11.0.0-rc.3.tgz",
      "integrity": "sha512-JLwGwRYiJbSwJMc2oOzU9dRCTuitpIYU0Z6Wm9Ig0K9/mSyg3b6d/wXRq3EL1txs/50qNbzKio/fnMYObB7r3Q==",
      "hasInstallScript": true,
      "bin": {
        "bsc": "bsc",
        "bstracing": "lib/bstracing",
        "rescript": "rescript"
      },
      "engines": {
        "node": ">=10"
      }
    },
    "node_modules/rescript-edgedb": {
      "resolved": "..",
      "link": true
    },
    "node_modules/rescript-embed-lang": {
      "version": "0.2.0",
      "resolved": "https://registry.npmjs.org/rescript-embed-lang/-/rescript-embed-lang-0.2.0.tgz",
      "integrity": "sha512-IPDfYPJI5IDzVFKpf64MMCYe966u9vmOJPtWxezxllQVBBf3YPuvJEMmRxEL20gXuCj5iwqVfJOLeDR8Wx+9cw==",
      "hasInstallScript": true
    }
  },
  "dependencies": {
    "@rescript/core": {
      "version": "0.5.0",
      "resolved": "https://registry.npmjs.org/@rescript/core/-/core-0.5.0.tgz",
      "integrity": "sha512-Keqnpi+8VqyhCk/3aMwar8hJbNy2IsINAAfIFeQC65IIegCR0QXFDBpQxfVcmbbtoHq6HnW4B3RLm/9GCUJQhQ==",
      "requires": {}
    },
    "rescript": {
      "version": "11.0.0-rc.3",
      "resolved": "https://registry.npmjs.org/rescript/-/rescript-11.0.0-rc.3.tgz",
      "integrity": "sha512-JLwGwRYiJbSwJMc2oOzU9dRCTuitpIYU0Z6Wm9Ig0K9/mSyg3b6d/wXRq3EL1txs/50qNbzKio/fnMYObB7r3Q=="
    },
    "rescript-edgedb": {
      "version": "file:..",
      "requires": {
        "chokidar": "^3.5.3",
        "esbuild": "^0.19.3",
        "fast-glob": "^3.3.1",
        "rescript": "^11.0.0-rc.3",
        "rescript-embed-lang": "^0.2.0",
        "rescript-nodejs": "^15.0.0"
      }
    },
    "rescript-embed-lang": {
      "version": "0.2.0",
      "resolved": "https://registry.npmjs.org/rescript-embed-lang/-/rescript-embed-lang-0.2.0.tgz",
      "integrity": "sha512-IPDfYPJI5IDzVFKpf64MMCYe966u9vmOJPtWxezxllQVBBf3YPuvJEMmRxEL20gXuCj5iwqVfJOLeDR8Wx+9cw=="
    }
  }
}
