{
  "name": "rescript",
  "version": "1.0.0",
  "lockfileVersion": 2,
  "requires": true,
  "packages": {
    "": {
      "name": "rescript",
      "version": "1.0.0",
      "license": "ISC",
      "dependencies": {
        "@rescript/core": "0.6.0",
        "rescript": "^11.0.0",
        "rescript-edgedb": "../",
        "rescript-embed-lang": "0.4.0"
      }
    },
    "..": {
      "version": "0.5.0",
      "license": "MIT",
      "dependencies": {
        "chokidar": "^3.5.3",
        "fast-glob": "^3.3.1"
      },
      "bin": {
        "rescript-edgedb": "dist/Cli.js"
      },
      "devDependencies": {
        "esbuild": "^0.19.3",
        "rescript": "^11.0.0",
        "rescript-embed-lang": "0.4.0",
        "rescript-nodejs": "^16.0.0"
      },
      "peerDependencies": {
        "@rescript/core": ">= 0.6.0",
        "edgedb": ">= 1.3.6",
        "rescript": "^11.0.0",
        "rescript-embed-lang": ">= 0.4.0"
      }
    },
    "node_modules/@rescript/core": {
      "version": "0.6.0",
      "resolved": "https://registry.npmjs.org/@rescript/core/-/core-0.6.0.tgz",
      "integrity": "sha512-D4ykxSpbmxbQa99kCg6/DztwCNt1tV3t11BLSOvJPHNLSIuQxfAU3ddgRruaH9LQSKOrMUjxQS9z6RdG5iFPoA==",
      "peerDependencies": {
        "rescript": "^10.1.0 || ^11.0.0-alpha.0 || next"
      }
    },
    "node_modules/rescript": {
      "version": "11.0.0",
      "resolved": "https://registry.npmjs.org/rescript/-/rescript-11.0.0.tgz",
      "integrity": "sha512-uIUwDZZmDUb7ymGkBiiGioxMg8hXh1mze/2k/qhYQcZGgi7PrLHQIW9AksM7gb9WnpjCAvFsA8U2VgC0nA468w==",
      "hasInstallScript": true,
      "bin": {
        "bsc": "bsc",
        "bstracing": "lib/bstracing",
        "rescript": "rescript"
      },
      "engines": {
        "node": ">=10"
      }
    },
    "node_modules/rescript-edgedb": {
      "resolved": "..",
      "link": true
    },
    "node_modules/rescript-embed-lang": {
      "version": "0.4.0",
      "resolved": "https://registry.npmjs.org/rescript-embed-lang/-/rescript-embed-lang-0.4.0.tgz",
      "integrity": "sha512-TEUfLW5zwOXpx3qvmzSqOinWjBbI0izTvGRllZ39hX/WeSZCZgf4ka7XDQ/chpRFHLMBVDJqJET7beyepF8Kow==",
      "hasInstallScript": true
    }
  },
  "dependencies": {
    "@rescript/core": {
      "version": "0.6.0",
      "resolved": "https://registry.npmjs.org/@rescript/core/-/core-0.6.0.tgz",
      "integrity": "sha512-D4ykxSpbmxbQa99kCg6/DztwCNt1tV3t11BLSOvJPHNLSIuQxfAU3ddgRruaH9LQSKOrMUjxQS9z6RdG5iFPoA==",
      "requires": {}
    },
    "rescript": {
      "version": "11.0.0",
      "resolved": "https://registry.npmjs.org/rescript/-/rescript-11.0.0.tgz",
      "integrity": "sha512-uIUwDZZmDUb7ymGkBiiGioxMg8hXh1mze/2k/qhYQcZGgi7PrLHQIW9AksM7gb9WnpjCAvFsA8U2VgC0nA468w=="
    },
    "rescript-edgedb": {
      "version": "file:..",
      "requires": {
        "chokidar": "^3.5.3",
        "esbuild": "^0.19.3",
        "fast-glob": "^3.3.1",
        "rescript": "^11.0.0",
        "rescript-embed-lang": "0.4.0",
        "rescript-nodejs": "^16.0.0"
      }
    },
    "rescript-embed-lang": {
      "version": "0.4.0",
      "resolved": "https://registry.npmjs.org/rescript-embed-lang/-/rescript-embed-lang-0.4.0.tgz",
      "integrity": "sha512-TEUfLW5zwOXpx3qvmzSqOinWjBbI0izTvGRllZ39hX/WeSZCZgf4ka7XDQ/chpRFHLMBVDJqJET7beyepF8Kow=="
    }
  }
}
